// !$*UTF8*$!
{
	archiveVersion = 1;
	classes = {
	};
	objectVersion = 46;
	objects = {

/* Begin PBXBuildFile section */
		AD8A60BD1BA9BDC5003BB79E /* main.cpp in Sources */ = {isa = PBXBuildFile; fileRef = AD8A60BC1BA9BDC5003BB79E /* main.cpp */; };
/* End PBXBuildFile section */

/* Begin PBXCopyFilesBuildPhase section */
		AD8A60B71BA9BDC5003BB79E /* CopyFiles */ = {
			isa = PBXCopyFilesBuildPhase;
			buildActionMask = 2147483647;
			dstPath = /usr/share/man/man1/;
			dstSubfolderSpec = 0;
			files = (
			);
			runOnlyForDeploymentPostprocessing = 1;
		};
/* End PBXCopyFilesBuildPhase section */

/* Begin PBXFileReference section */
		AD8A60B91BA9BDC5003BB79E /* Quiz-1 */ = {isa = PBXFileReference; explicitFileType = "compiled.mach-o.executable"; includeInIndex = 0; path = "Quiz-1"; sourceTree = BUILT_PRODUCTS_DIR; };
		AD8A60BC1BA9BDC5003BB79E /* main.cpp */ = {isa = PBXFileReference; lastKnownFileType = sourcecode.cpp.cpp; path = main.cpp; sourceTree = "<group>"; };
/* End PBXFileReference section */

/* Begin PBXFrameworksBuildPhase section */
		AD8A60B61BA9BDC5003BB79E /* Frameworks */ = {
			isa = PBXFrameworksBuildPhase;
			buildActionMask = 2147483647;
			files = (
			);
			runOnlyForDeploymentPostprocessing = 0;
		};
/* End PBXFrameworksBuildPhase section */

/* Begin PBXGroup section */
		AD8A60B01BA9BDC5003BB79E = {
			isa = PBXGroup;
			children = (
				AD8A60BB1BA9BDC5003BB79E /* Quiz-1 */,
				AD8A60BA1BA9BDC5003BB79E /* Products */,
			);
			sourceTree = "<group>";
		};
		AD8A60BA1BA9BDC5003BB79E /* Products */ = {
			isa = PBXGroup;
			children = (
				AD8A60B91BA9BDC5003BB79E /* Quiz-1 */,
			);
			name = Products;
			sourceTree = "<group>";
		};
		AD8A60BB1BA9BDC5003BB79E /* Quiz-1 */ = {
			isa = PBXGroup;
			children = (
				AD8A60BC1BA9BDC5003BB79E /* main.cpp */,
			);
			path = "Quiz-1";
			sourceTree = "<group>";
		};
/* End PBXGroup section */

/* Begin PBXNativeTarget section */
		AD8A60B81BA9BDC5003BB79E /* Quiz-1 */ = {
			isa = PBXNativeTarget;
			buildConfigurationList = AD8A60C01BA9BDC5003BB79E /* Build configuration list for PBXNativeTarget "Quiz-1" */;
			buildPhases = (
				AD8A60B51BA9BDC5003BB79E /* Sources */,
				AD8A60B61BA9BDC5003BB79E /* Frameworks */,
				AD8A60B71BA9BDC5003BB79E /* CopyFiles */,
			);
			buildRules = (
			);
			dependencies = (
			);
			name = "Quiz-1";
			productName = "Quiz-1";
			productReference = AD8A60B91BA9BDC5003BB79E /* Quiz-1 */;
			productType = "com.apple.product-type.tool";
		};
/* End PBXNativeTarget section */

/* Begin PBXProject section */
		AD8A60B11BA9BDC5003BB79E /* Project object */ = {
			isa = PBXProject;
			attributes = {
				LastUpgradeCheck = 0640;
				ORGANIZATIONNAME = "Desislava Stoyanova";
				TargetAttributes = {
					AD8A60B81BA9BDC5003BB79E = {
						CreatedOnToolsVersion = 6.4;
					};
				};
			};
			buildConfigurationList = AD8A60B41BA9BDC5003BB79E /* Build configuration list for PBXProject "Quiz-1" */;
			compatibilityVersion = "Xcode 3.2";
			developmentRegion = English;
			hasScannedForEncodings = 0;
			knownRegions = (
				en,
			);
			mainGroup = AD8A60B01BA9BDC5003BB79E;
			productRefGroup = AD8A60BA1BA9BDC5003BB79E /* Products */;
			projectDirPath = "";
			projectRoot = "";
			targets = (
				AD8A60B81BA9BDC5003BB79E /* Quiz-1 */,
			);
		};
/* End PBXProject section */

/* Begin PBXSourcesBuildPhase section */
		AD8A60B51BA9BDC5003BB79E /* Sources */ = {
			isa = PBXSourcesBuildPhase;
			buildActionMask = 2147483647;
			files = (
				AD8A60BD1BA9BDC5003BB79E /* main.cpp in Sources */,
			);
			runOnlyForDeploymentPostprocessing = 0;
		};
/* End PBXSourcesBuildPhase section */

/* Begin XCBuildConfiguration section */
		AD8A60BE1BA9BDC5003BB79E /* Debug */ = {
			isa = XCBuildConfiguration;
			buildSettings = {
				ALWAYS_SEARCH_USER_PATHS = NO;
				CLANG_CXX_LANGUAGE_STANDARD = "gnu++0x";
				CLANG_CXX_LIBRARY = "libc++";
				CLANG_ENABLE_MODULES = YES;
				CLANG_ENABLE_OBJC_ARC = YES;
				CLANG_WARN_BOOL_CONVERSION = YES;
				CLANG_WARN_CONSTANT_CONVERSION = YES;
				CLANG_WARN_DIRECT_OBJC_ISA_USAGE = YES_ERROR;
				CLANG_WARN_EMPTY_BODY = YES;
				CLANG_WARN_ENUM_CONVERSION = YES;
				CLANG_WARN_INT_CONVERSION = YES;
				CLANG_WARN_OBJC_ROOT_CLASS = YES_ERROR;
				CLANG_WARN_UNREACHABLE_CODE = YES;
				CLANG_WARN__DUPLICATE_METHOD_MATCH = YES;
				COPY_PHASE_STRIP = NO;
				DEBUG_INFORMATION_FORMAT = dwarf;
				ENABLE_STRICT_OBJC_MSGSEND = YES;
				GCC_C_LANGUAGE_STANDARD = gnu99;
				GCC_DYNAMIC_NO_PIC = NO;
				GCC_NO_COMMON_BLOCKS = YES;
				GCC_OPTIMIZATION_LEVEL = 0;
				GCC_PREPROCESSOR_DEFINITIONS = (
					"DEBUG=1",
					"$(inherited)",
				);
				GCC_SYMBOLS_PRIVATE_EXTERN = NO;
				GCC_WARN_64_TO_32_BIT_CONVERSION = YES;
				GCC_WARN_ABOUT_RETURN_TYPE = YES_ERROR;
				GCC_WARN_UNDECLARED_SELECTOR = YES;
				GCC_WARN_UNINITIALIZED_AUTOS = YES_AGGRESSIVE;
				GCC_WARN_UNUSED_FUNCTION = YES;
				GCC_WARN_UNUSED_VARIABLE = YES;
				MACOSX_DEPLOYMENT_TARGET = 10.10;
				MTL_ENABLE_DEBUG_INFO = YES;
				ONLY_ACTIVE_ARCH = YES;
				SDKROOT = macosx;
			};
			name = Debug;
		};
		AD8A60BF1BA9BDC5003BB79E /* Release */ = {
			isa = XCBuildConfiguration;
			buildSettings = {
				ALWAYS_SEARCH_USER_PATHS = NO;
				CLANG_CXX_LANGUAGE_STANDARD = "gnu++0x";
				CLANG_CXX_LIBRARY = "libc++";
				CLANG_ENABLE_MODULES = YES;
				CLANG_ENABLE_OBJC_ARC = YES;
				CLANG_WARN_BOOL_CONVERSION = YES;
				CLANG_WARN_CONSTANT_CONVERSION = YES;
				CLANG_WARN_DIRECT_OBJC_ISA_USAGE = YES_ERROR;
				CLANG_WARN_EMPTY_BODY = YES;
				CLANG_WARN_ENUM_CONVERSION = YES;
				CLANG_WARN_INT_CONVERSION = YES;
				CLANG_WARN_OBJC_ROOT_CLASS = YES_ERROR;
				CLANG_WARN_UNREACHABLE_CODE = YES;
				CLANG_WARN__DUPLICATE_METHOD_MATCH = YES;
				COPY_PHASE_STRIP = NO;
				DEBUG_INFORMATION_FORMAT = "dwarf-with-dsym";
				ENABLE_NS_ASSERTIONS = NO;
				ENABLE_STRICT_OBJC_MSGSEND = YES;
				GCC_C_LANGUAGE_STANDARD = gnu99;
				GCC_NO_COMMON_BLOCKS = YES;
				GCC_WARN_64_TO_32_BIT_CONVERSION = YES;
				GCC_WARN_ABOUT_RETURN_TYPE = YES_ERROR;
				GCC_WARN_UNDECLARED_SELECTOR = YES;
				GCC_WARN_UNINITIALIZED_AUTOS = YES_AGGRESSIVE;
				GCC_WARN_UNUSED_FUNCTION = YES;
				GCC_WARN_UNUSED_VARIABLE = YES;
				MACOSX_DEPLOYMENT_TARGET = 10.10;
				MTL_ENABLE_DEBUG_INFO = NO;
				SDKROOT = macosx;
			};
			name = Release;
		};
		AD8A60C11BA9BDC5003BB79E /* Debug */ = {
			isa = XCBuildConfiguration;
			buildSettings = {
				PRODUCT_NAME = "$(TARGET_NAME)";
			};
			name = Debug;
		};
		AD8A60C21BA9BDC5003BB79E /* Release */ = {
			isa = XCBuildConfiguration;
			buildSettings = {
				PRODUCT_NAME = "$(TARGET_NAME)";
			};
			name = Release;
		};
/* End XCBuildConfiguration section */

/* Begin XCConfigurationList section */
		AD8A60B41BA9BDC5003BB79E /* Build configuration list for PBXProject "Quiz-1" */ = {
			isa = XCConfigurationList;
			buildConfigurations = (
				AD8A60BE1BA9BDC5003BB79E /* Debug */,
				AD8A60BF1BA9BDC5003BB79E /* Release */,
			);
			defaultConfigurationIsVisible = 0;
			defaultConfigurationName = Release;
		};
		AD8A60C01BA9BDC5003BB79E /* Build configuration list for PBXNativeTarget "Quiz-1" */ = {
			isa = XCConfigurationList;
			buildConfigurations = (
				AD8A60C11BA9BDC5003BB79E /* Debug */,
				AD8A60C21BA9BDC5003BB79E /* Release */,
			);
			defaultConfigurationIsVisible = 0;
		};
/* End XCConfigurationList section */
	};
	rootObject = AD8A60B11BA9BDC5003BB79E /* Project object */;
}
